
Microsoft Visual Studio Solution File, Format Version 12.00
# Visual Studio Version 16
VisualStudioVersion = 16.0.29311.281
MinimumVisualStudioVersion = 10.0.40219.1
Project("{9A19103F-16F7-4668-BE54-9A1E7A4F7556}") = "blazor-experiment", "blazor-experiment.csproj", "{6028012C-2524-4BC6-9349-A6C0A372BF13}"
EndProject
Global
	GlobalSection(SolutionConfigurationPlatforms) = preSolution
		Debug|Any CPU = Debug|Any CPU
		Release|Any CPU = Release|Any CPU
	EndGlobalSection
	GlobalSection(ProjectConfigurationPlatforms) = postSolution
		{6028012C-2524-4BC6-9349-A6C0A372BF13}.Debug|Any CPU.ActiveCfg = Debug|Any CPU
		{6028012C-2524-4BC6-9349-A6C0A372BF13}.Debug|Any CPU.Build.0 = Debug|Any CPU
		{6028012C-2524-4BC6-9349-A6C0A372BF13}.Release|Any CPU.ActiveCfg = Release|Any CPU
		{6028012C-2524-4BC6-9349-A6C0A372BF13}.Release|Any CPU.Build.0 = Release|Any CPU
	EndGlobalSection
	GlobalSection(SolutionProperties) = preSolution
		HideSolutionNode = FALSE
	EndGlobalSection
	GlobalSection(ExtensibilityGlobals) = postSolution
		SolutionGuid = {630D168A-C5DA-4CEC-8A22-7769240896D2}
	EndGlobalSection
EndGlobal
